PODS:
  - adaptive_platform_ui (0.1.0):
    - Flutter
  - audio_session (0.0.1):
    - Flutter
  - Flutter (1.0.0)
  - flutter_open_chinese_convert (0.0.1):
    - Flutter
    - OpenCC
  - just_audio (0.0.1):
    - Flutter
    - FlutterMacOS
  - OpenCC (0.3.3)
  - share_plus (0.0.1):
    - Flutter
  - shared_preferences_foundation (0.0.1):
    - Flutter
    - FlutterMacOS
  - sqflite_darwin (0.0.4):
    - Flutter
    - FlutterMacOS

DEPENDENCIES:
  - adaptive_platform_ui (from `.symlinks/plugins/adaptive_platform_ui/ios`)
  - audio_session (from `.symlinks/plugins/audio_session/ios`)
  - Flutter (from `Flutter`)
  - flutter_open_chinese_convert (from `.symlinks/plugins/flutter_open_chinese_convert/ios`)
  - just_audio (from `.symlinks/plugins/just_audio/darwin`)
  - share_plus (from `.symlinks/plugins/share_plus/ios`)
  - shared_preferences_foundation (from `.symlinks/plugins/shared_preferences_foundation/darwin`)
  - sqflite_darwin (from `.symlinks/plugins/sqflite_darwin/darwin`)

SPEC REPOS:
  trunk:
    - OpenCC

EXTERNAL SOURCES:
  adaptive_platform_ui:
    :path: ".symlinks/plugins/adaptive_platform_ui/ios"
  audio_session:
    :path: ".symlinks/plugins/audio_session/ios"
  Flutter:
    :path: Flutter
  flutter_open_chinese_convert:
    :path: ".symlinks/plugins/flutter_open_chinese_convert/ios"
  just_audio:
    :path: ".symlinks/plugins/just_audio/darwin"
  share_plus:
    :path: ".symlinks/plugins/share_plus/ios"
  shared_preferences_foundation:
    :path: ".symlinks/plugins/shared_preferences_foundation/darwin"
  sqflite_darwin:
    :path: ".symlinks/plugins/sqflite_darwin/darwin"

SPEC CHECKSUMS:
  adaptive_platform_ui: f54f620666d1797636f9ef06f49137ef2cc13611
  audio_session: 9bb7f6c970f21241b19f5a3658097ae459681ba0
  Flutter: cabc95a1d2626b1b06e7179b784ebcf0c0cde467
  flutter_open_chinese_convert: 8b440f57a1666d3deb57b3c9da6318685a061812
  just_audio: 4e391f57b79cad2b0674030a00453ca5ce817eed
  OpenCC: 290dcf27e18ef926aa4fbc0f0a9c116c36145bc5
  share_plus: 50da8cb520a8f0f65671c6c6a99b3617ed10a58a
  shared_preferences_foundation: 7036424c3d8ec98dfe75ff1667cb0cd531ec82bb
  sqflite_darwin: 20b2a3a3b70e43edae938624ce550a3cbf66a3d0

PODFILE CHECKSUM: f8c2dcdfb50bb67645580d28a6bf814fca30bdec

COCOAPODS: 1.16.2
